// !$*UTF8*$!
{
	archiveVersion = 1;
	classes = {
	};
	objectVersion = 50;
	objects = {

/* Begin PBXBuildFile section */
		05A74FCE24B1FA6B0065C9C3 /* AppDelegate.swift in Sources */ = {isa = PBXBuildFile; fileRef = 05A74FCD24B1FA6B0065C9C3 /* AppDelegate.swift */; };
		05A74FD024B1FA6B0065C9C3 /* SceneDelegate.swift in Sources */ = {isa = PBXBuildFile; fileRef = 05A74FCF24B1FA6B0065C9C3 /* SceneDelegate.swift */; };
		05A74FD424B1FA730065C9C3 /* Assets.xcassets in Resources */ = {isa = PBXBuildFile; fileRef = 05A74FD324B1FA730065C9C3 /* Assets.xcassets */; };
		05A74FD724B1FA730065C9C3 /* Preview Assets.xcassets in Resources */ = {isa = PBXBuildFile; fileRef = 05A74FD624B1FA730065C9C3 /* Preview Assets.xcassets */; };
		05A74FDA24B1FA730065C9C3 /* LaunchScreen.storyboard in Resources */ = {isa = PBXBuildFile; fileRef = 05A74FD824B1FA730065C9C3 /* LaunchScreen.storyboard */; };
		05A74FE424B1FC2B0065C9C3 /* ModelArtists.swift in Sources */ = {isa = PBXBuildFile; fileRef = 05A74FE324B1FC2B0065C9C3 /* ModelArtists.swift */; };
		05A74FE724B1FD850065C9C3 /* ArtistListViewModel.swift in Sources */ = {isa = PBXBuildFile; fileRef = 05A74FE624B1FD850065C9C3 /* ArtistListViewModel.swift */; };
		05A7502924B281AC0065C9C3 /* ArtistListView.swift in Sources */ = {isa = PBXBuildFile; fileRef = 05A7502824B281AC0065C9C3 /* ArtistListView.swift */; };
		05A7502B24B29A270065C9C3 /* AddArtistView.swift in Sources */ = {isa = PBXBuildFile; fileRef = 05A7502A24B29A270065C9C3 /* AddArtistView.swift */; };
/* End PBXBuildFile section */

/* Begin PBXFileReference section */
		05A74FCA24B1FA6B0065C9C3 /* List app.app */ = {isa = PBXFileReference; explicitFileType = wrapper.application; includeInIndex = 0; path = "List app.app"; sourceTree = BUILT_PRODUCTS_DIR; };
		05A74FCD24B1FA6B0065C9C3 /* AppDelegate.swift */ = {isa = PBXFileReference; lastKnownFileType = sourcecode.swift; path = AppDelegate.swift; sourceTree = "<group>"; };
		05A74FCF24B1FA6B0065C9C3 /* SceneDelegate.swift */ = {isa = PBXFileReference; lastKnownFileType = sourcecode.swift; path = SceneDelegate.swift; sourceTree = "<group>"; };
		05A74FD324B1FA730065C9C3 /* Assets.xcassets */ = {isa = PBXFileReference; lastKnownFileType = folder.assetcatalog; path = Assets.xcassets; sourceTree = "<group>"; };
		05A74FD624B1FA730065C9C3 /* Preview Assets.xcassets */ = {isa = PBXFileReference; lastKnownFileType = folder.assetcatalog; path = "Preview Assets.xcassets"; sourceTree = "<group>"; };
		05A74FD924B1FA730065C9C3 /* Base */ = {isa = PBXFileReference; lastKnownFileType = file.storyboard; name = Base; path = Base.lproj/LaunchScreen.storyboard; sourceTree = "<group>"; };
		05A74FDB24B1FA730065C9C3 /* Info.plist */ = {isa = PBXFileReference; lastKnownFileType = text.plist.xml; path = Info.plist; sourceTree = "<group>"; };
		05A74FE324B1FC2B0065C9C3 /* ModelArtists.swift */ = {isa = PBXFileReference; lastKnownFileType = sourcecode.swift; path = ModelArtists.swift; sourceTree = "<group>"; };
		05A74FE624B1FD850065C9C3 /* ArtistListViewModel.swift */ = {isa = PBXFileReference; lastKnownFileType = sourcecode.swift; path = ArtistListViewModel.swift; sourceTree = "<group>"; };
		05A7502824B281AC0065C9C3 /* ArtistListView.swift */ = {isa = PBXFileReference; fileEncoding = 4; lastKnownFileType = sourcecode.swift; path = ArtistListView.swift; sourceTree = "<group>"; };
		05A7502A24B29A270065C9C3 /* AddArtistView.swift */ = {isa = PBXFileReference; lastKnownFileType = sourcecode.swift; path = AddArtistView.swift; sourceTree = "<group>"; };
/* End PBXFileReference section */

/* Begin PBXFrameworksBuildPhase section */
		05A74FC724B1FA6B0065C9C3 /* Frameworks */ = {
			isa = PBXFrameworksBuildPhase;
			buildActionMask = 2147483647;
			files = (
			);
			runOnlyForDeploymentPostprocessing = 0;
		};
/* End PBXFrameworksBuildPhase section */

/* Begin PBXGroup section */
		05A74FC124B1FA6B0065C9C3 = {
			isa = PBXGroup;
			children = (
				05A74FCC24B1FA6B0065C9C3 /* List app */,
				05A74FCB24B1FA6B0065C9C3 /* Products */,
			);
			sourceTree = "<group>";
		};
		05A74FCB24B1FA6B0065C9C3 /* Products */ = {
			isa = PBXGroup;
			children = (
				05A74FCA24B1FA6B0065C9C3 /* List app.app */,
			);
			name = Products;
			sourceTree = "<group>";
		};
		05A74FCC24B1FA6B0065C9C3 /* List app */ = {
			isa = PBXGroup;
			children = (
				05A74FCD24B1FA6B0065C9C3 /* AppDelegate.swift */,
				05A74FCF24B1FA6B0065C9C3 /* SceneDelegate.swift */,
				05A74FE524B1FCE00065C9C3 /* ViewModel */,
				05A74FE224B1FC190065C9C3 /* Model */,
				05A74FE124B1FC0C0065C9C3 /* View */,
				05A74FD324B1FA730065C9C3 /* Assets.xcassets */,
				05A74FD824B1FA730065C9C3 /* LaunchScreen.storyboard */,
				05A74FDB24B1FA730065C9C3 /* Info.plist */,
				05A74FD524B1FA730065C9C3 /* Preview Content */,
			);
			path = "List app";
			sourceTree = "<group>";
		};
		05A74FD524B1FA730065C9C3 /* Preview Content */ = {
			isa = PBXGroup;
			children = (
				05A74FD624B1FA730065C9C3 /* Preview Assets.xcassets */,
			);
			path = "Preview Content";
			sourceTree = "<group>";
		};
		05A74FE124B1FC0C0065C9C3 /* View */ = {
			isa = PBXGroup;
			children = (
				05A7502824B281AC0065C9C3 /* ArtistListView.swift */,
				05A7502A24B29A270065C9C3 /* AddArtistView.swift */,
			);
			path = View;
			sourceTree = "<group>";
		};
		05A74FE224B1FC190065C9C3 /* Model */ = {
			isa = PBXGroup;
			children = (
				05A74FE324B1FC2B0065C9C3 /* ModelArtists.swift */,
			);
			path = Model;
			sourceTree = "<group>";
		};
		05A74FE524B1FCE00065C9C3 /* ViewModel */ = {
			isa = PBXGroup;
			children = (
				05A74FE624B1FD850065C9C3 /* ArtistListViewModel.swift */,
			);
			path = ViewModel;
			sourceTree = "<group>";
		};
/* End PBXGroup section */

/* Begin PBXNativeTarget section */
		05A74FC924B1FA6B0065C9C3 /* List app */ = {
			isa = PBXNativeTarget;
			buildConfigurationList = 05A74FDE24B1FA730065C9C3 /* Build configuration list for PBXNativeTarget "List app" */;
			buildPhases = (
				05A74FC624B1FA6B0065C9C3 /* Sources */,
				05A74FC724B1FA6B0065C9C3 /* Frameworks */,
				05A74FC824B1FA6B0065C9C3 /* Resources */,
			);
			buildRules = (
			);
			dependencies = (
			);
			name = "List app";
			productName = "List app";
			productReference = 05A74FCA24B1FA6B0065C9C3 /* List app.app */;
			productType = "com.apple.product-type.application";
		};
/* End PBXNativeTarget section */

/* Begin PBXProject section */
		05A74FC224B1FA6B0065C9C3 /* Project object */ = {
			isa = PBXProject;
			attributes = {
				LastSwiftUpdateCheck = 1130;
				LastUpgradeCheck = 1130;
				ORGANIZATIONNAME = "Khaled Elshamy";
				TargetAttributes = {
					05A74FC924B1FA6B0065C9C3 = {
						CreatedOnToolsVersion = 11.3.1;
					};
				};
			};
			buildConfigurationList = 05A74FC524B1FA6B0065C9C3 /* Build configuration list for PBXProject "List app" */;
			compatibilityVersion = "Xcode 9.3";
			developmentRegion = en;
			hasScannedForEncodings = 0;
			knownRegions = (
				en,
				Base,
			);
			mainGroup = 05A74FC124B1FA6B0065C9C3;
			productRefGroup = 05A74FCB24B1FA6B0065C9C3 /* Products */;
			projectDirPath = "";
			projectRoot = "";
			targets = (
				05A74FC924B1FA6B0065C9C3 /* List app */,
			);
		};
/* End PBXProject section */

/* Begin PBXResourcesBuildPhase section */
		05A74FC824B1FA6B0065C9C3 /* Resources */ = {
			isa = PBXResourcesBuildPhase;
			buildActionMask = 2147483647;
			files = (
				05A74FDA24B1FA730065C9C3 /* LaunchScreen.storyboard in Resources */,
				05A74FD724B1FA730065C9C3 /* Preview Assets.xcassets in Resources */,
				05A74FD424B1FA730065C9C3 /* Assets.xcassets in Resources */,
			);
			runOnlyForDeploymentPostprocessing = 0;
		};
/* End PBXResourcesBuildPhase section */

/* Begin PBXSourcesBuildPhase section */
		05A74FC624B1FA6B0065C9C3 /* Sources */ = {
			isa = PBXSourcesBuildPhase;
			buildActionMask = 2147483647;
			files = (
				05A74FCE24B1FA6B0065C9C3 /* AppDelegate.swift in Sources */,
				05A7502B24B29A270065C9C3 /* AddArtistView.swift in Sources */,
				05A74FD024B1FA6B0065C9C3 /* SceneDelegate.swift in Sources */,
				05A7502924B281AC0065C9C3 /* ArtistListView.swift in Sources */,
				05A74FE424B1FC2B0065C9C3 /* ModelArtists.swift in Sources */,
				05A74FE724B1FD850065C9C3 /* ArtistListViewModel.swift in Sources */,
			);
			runOnlyForDeploymentPostprocessing = 0;
		};
/* End PBXSourcesBuildPhase section */

/* Begin PBXVariantGroup section */
		05A74FD824B1FA730065C9C3 /* LaunchScreen.storyboard */ = {
			isa = PBXVariantGroup;
			children = (
				05A74FD924B1FA730065C9C3 /* Base */,
			);
			name = LaunchScreen.storyboard;
			sourceTree = "<group>";
		};
/* End PBXVariantGroup section */

/* Begin XCBuildConfiguration section */
		05A74FDC24B1FA730065C9C3 /* Debug */ = {
			isa = XCBuildConfiguration;
			buildSettings = {
				ALWAYS_SEARCH_USER_PATHS = NO;
				CLANG_ANALYZER_NONNULL = YES;
				CLANG_ANALYZER_NUMBER_OBJECT_CONVERSION = YES_AGGRESSIVE;
				CLANG_CXX_LANGUAGE_STANDARD = "gnu++14";
				CLANG_CXX_LIBRARY = "libc++";
				CLANG_ENABLE_MODULES = YES;
				CLANG_ENABLE_OBJC_ARC = YES;
				CLANG_ENABLE_OBJC_WEAK = YES;
				CLANG_WARN_BLOCK_CAPTURE_AUTORELEASING = YES;
				CLANG_WARN_BOOL_CONVERSION = YES;
				CLANG_WARN_COMMA = YES;
				CLANG_WARN_CONSTANT_CONVERSION = YES;
				CLANG_WARN_DEPRECATED_OBJC_IMPLEMENTATIONS = YES;
				CLANG_WARN_DIRECT_OBJC_ISA_USAGE = YES_ERROR;
				CLANG_WARN_DOCUMENTATION_COMMENTS = YES;
				CLANG_WARN_EMPTY_BODY = YES;
				CLANG_WARN_ENUM_CONVERSION = YES;
				CLANG_WARN_INFINITE_RECURSION = YES;
				CLANG_WARN_INT_CONVERSION = YES;
				CLANG_WARN_NON_LITERAL_NULL_CONVERSION = YES;
				CLANG_WARN_OBJC_IMPLICIT_RETAIN_SELF = YES;
				CLANG_WARN_OBJC_LITERAL_CONVERSION = YES;
				CLANG_WARN_OBJC_ROOT_CLASS = YES_ERROR;
				CLANG_WARN_RANGE_LOOP_ANALYSIS = YES;
				CLANG_WARN_STRICT_PROTOTYPES = YES;
				CLANG_WARN_SUSPICIOUS_MOVE = YES;
				CLANG_WARN_UNGUARDED_AVAILABILITY = YES_AGGRESSIVE;
				CLANG_WARN_UNREACHABLE_CODE = YES;
				CLANG_WARN__DUPLICATE_METHOD_MATCH = YES;
				COPY_PHASE_STRIP = NO;
				DEBUG_INFORMATION_FORMAT = dwarf;
				ENABLE_STRICT_OBJC_MSGSEND = YES;
				ENABLE_TESTABILITY = YES;
				GCC_C_LANGUAGE_STANDARD = gnu11;
				GCC_DYNAMIC_NO_PIC = NO;
				GCC_NO_COMMON_BLOCKS = YES;
				GCC_OPTIMIZATION_LEVEL = 0;
				GCC_PREPROCESSOR_DEFINITIONS = (
					"DEBUG=1",
					"$(inherited)",
				);
				GCC_WARN_64_TO_32_BIT_CONVERSION = YES;
				GCC_WARN_ABOUT_RETURN_TYPE = YES_ERROR;
				GCC_WARN_UNDECLARED_SELECTOR = YES;
				GCC_WARN_UNINITIALIZED_AUTOS = YES_AGGRESSIVE;
				GCC_WARN_UNUSED_FUNCTION = YES;
				GCC_WARN_UNUSED_VARIABLE = YES;
				IPHONEOS_DEPLOYMENT_TARGET = 13.2;
				MTL_ENABLE_DEBUG_INFO = INCLUDE_SOURCE;
				MTL_FAST_MATH = YES;
				ONLY_ACTIVE_ARCH = YES;
				SDKROOT = iphoneos;
				SWIFT_ACTIVE_COMPILATION_CONDITIONS = DEBUG;
				SWIFT_OPTIMIZATION_LEVEL = "-Onone";
			};
			name = Debug;
		};
		05A74FDD24B1FA730065C9C3 /* Release */ = {
			isa = XCBuildConfiguration;
			buildSettings = {
				ALWAYS_SEARCH_USER_PATHS = NO;
				CLANG_ANALYZER_NONNULL = YES;
				CLANG_ANALYZER_NUMBER_OBJECT_CONVERSION = YES_AGGRESSIVE;
				CLANG_CXX_LANGUAGE_STANDARD = "gnu++14";
				CLANG_CXX_LIBRARY = "libc++";
				CLANG_ENABLE_MODULES = YES;
				CLANG_ENABLE_OBJC_ARC = YES;
				CLANG_ENABLE_OBJC_WEAK = YES;
				CLANG_WARN_BLOCK_CAPTURE_AUTORELEASING = YES;
				CLANG_WARN_BOOL_CONVERSION = YES;
				CLANG_WARN_COMMA = YES;
				CLANG_WARN_CONSTANT_CONVERSION = YES;
				CLANG_WARN_DEPRECATED_OBJC_IMPLEMENTATIONS = YES;
				CLANG_WARN_DIRECT_OBJC_ISA_USAGE = YES_ERROR;
				CLANG_WARN_DOCUMENTATION_COMMENTS = YES;
				CLANG_WARN_EMPTY_BODY = YES;
				CLANG_WARN_ENUM_CONVERSION = YES;
				CLANG_WARN_INFINITE_RECURSION = YES;
				CLANG_WARN_INT_CONVERSION = YES;
				CLANG_WARN_NON_LITERAL_NULL_CONVERSION = YES;
				CLANG_WARN_OBJC_IMPLICIT_RETAIN_SELF = YES;
				CLANG_WARN_OBJC_LITERAL_CONVERSION = YES;
				CLANG_WARN_OBJC_ROOT_CLASS = YES_ERROR;
				CLANG_WARN_RANGE_LOOP_ANALYSIS = YES;
				CLANG_WARN_STRICT_PROTOTYPES = YES;
				CLANG_WARN_SUSPICIOUS_MOVE = YES;
				CLANG_WARN_UNGUARDED_AVAILABILITY = YES_AGGRESSIVE;
				CLANG_WARN_UNREACHABLE_CODE = YES;
				CLANG_WARN__DUPLICATE_METHOD_MATCH = YES;
				COPY_PHASE_STRIP = NO;
				DEBUG_INFORMATION_FORMAT = "dwarf-with-dsym";
				ENABLE_NS_ASSERTIONS = NO;
				ENABLE_STRICT_OBJC_MSGSEND = YES;
				GCC_C_LANGUAGE_STANDARD = gnu11;
				GCC_NO_COMMON_BLOCKS = YES;
				GCC_WARN_64_TO_32_BIT_CONVERSION = YES;
				GCC_WARN_ABOUT_RETURN_TYPE = YES_ERROR;
				GCC_WARN_UNDECLARED_SELECTOR = YES;
				GCC_WARN_UNINITIALIZED_AUTOS = YES_AGGRESSIVE;
				GCC_WARN_UNUSED_FUNCTION = YES;
				GCC_WARN_UNUSED_VARIABLE = YES;
				IPHONEOS_DEPLOYMENT_TARGET = 13.2;
				MTL_ENABLE_DEBUG_INFO = NO;
				MTL_FAST_MATH = YES;
				SDKROOT = iphoneos;
				SWIFT_COMPILATION_MODE = wholemodule;
				SWIFT_OPTIMIZATION_LEVEL = "-O";
				VALIDATE_PRODUCT = YES;
			};
			name = Release;
		};
		05A74FDF24B1FA730065C9C3 /* Debug */ = {
			isa = XCBuildConfiguration;
			buildSettings = {
				ASSETCATALOG_COMPILER_APPICON_NAME = AppIcon;
				CODE_SIGN_STYLE = Automatic;
				DEVELOPMENT_ASSET_PATHS = "\"List app/Preview Content\"";
				DEVELOPMENT_TEAM = 5HFZN2LR74;
				ENABLE_PREVIEWS = YES;
				INFOPLIST_FILE = "List app/Info.plist";
				LD_RUNPATH_SEARCH_PATHS = (
					"$(inherited)",
					"@executable_path/Frameworks",
				);
				PRODUCT_BUNDLE_IDENTIFIER = "khaled.List-app";
				PRODUCT_NAME = "$(TARGET_NAME)";
				SWIFT_VERSION = 5.0;
				TARGETED_DEVICE_FAMILY = "1,2";
			};
			name = Debug;
		};
		05A74FE024B1FA730065C9C3 /* Release */ = {
			isa = XCBuildConfiguration;
			buildSettings = {
				ASSETCATALOG_COMPILER_APPICON_NAME = AppIcon;
				CODE_SIGN_STYLE = Automatic;
				DEVELOPMENT_ASSET_PATHS = "\"List app/Preview Content\"";
				DEVELOPMENT_TEAM = 5HFZN2LR74;
				ENABLE_PREVIEWS = YES;
				INFOPLIST_FILE = "List app/Info.plist";
				LD_RUNPATH_SEARCH_PATHS = (
					"$(inherited)",
					"@executable_path/Frameworks",
				);
				PRODUCT_BUNDLE_IDENTIFIER = "khaled.List-app";
				PRODUCT_NAME = "$(TARGET_NAME)";
				SWIFT_VERSION = 5.0;
				TARGETED_DEVICE_FAMILY = "1,2";
			};
			name = Release;
		};
/* End XCBuildConfiguration section */

/* Begin XCConfigurationList section */
		05A74FC524B1FA6B0065C9C3 /* Build configuration list for PBXProject "List app" */ = {
			isa = XCConfigurationList;
			buildConfigurations = (
				05A74FDC24B1FA730065C9C3 /* Debug */,
				05A74FDD24B1FA730065C9C3 /* Release */,
			);
			defaultConfigurationIsVisible = 0;
			defaultConfigurationName = Release;
		};
		05A74FDE24B1FA730065C9C3 /* Build configuration list for PBXNativeTarget "List app" */ = {
			isa = XCConfigurationList;
			buildConfigurations = (
				05A74FDF24B1FA730065C9C3 /* Debug */,
				05A74FE024B1FA730065C9C3 /* Release */,
			);
			defaultConfigurationIsVisible = 0;
			defaultConfigurationName = Release;
		};
/* End XCConfigurationList section */
	};
	rootObject = 05A74FC224B1FA6B0065C9C3 /* Project object */;
}
